// !$*UTF8*$!
{
	archiveVersion = 1;
	classes = {
	};
	objectVersion = 46;
	objects = {

/* Begin PBXBuildFile section */
		12FFE67A1D146C24009419AF /* AppDelegate.swift in Sources */ = {isa = PBXBuildFile; fileRef = 12FFE6791D146C24009419AF /* AppDelegate.swift */; };
		12FFE67C1D146C24009419AF /* ViewController.swift in Sources */ = {isa = PBXBuildFile; fileRef = 12FFE67B1D146C24009419AF /* ViewController.swift */; };
		12FFE67F1D146C24009419AF /* Main.storyboard in Resources */ = {isa = PBXBuildFile; fileRef = 12FFE67D1D146C24009419AF /* Main.storyboard */; };
		12FFE6811D146C24009419AF /* Assets.xcassets in Resources */ = {isa = PBXBuildFile; fileRef = 12FFE6801D146C24009419AF /* Assets.xcassets */; };
		12FFE6841D146C24009419AF /* LaunchScreen.storyboard in Resources */ = {isa = PBXBuildFile; fileRef = 12FFE6821D146C24009419AF /* LaunchScreen.storyboard */; };
/* End PBXBuildFile section */

/* Begin PBXFileReference section */
		12FFE6761D146C24009419AF /* iOSSwiftWorkshop.app */ = {isa = PBXFileReference; explicitFileType = wrapper.application; includeInIndex = 0; path = iOSSwiftWorkshop.app; sourceTree = BUILT_PRODUCTS_DIR; };
		12FFE6791D146C24009419AF /* AppDelegate.swift */ = {isa = PBXFileReference; lastKnownFileType = sourcecode.swift; path = AppDelegate.swift; sourceTree = "<group>"; };
		12FFE67B1D146C24009419AF /* ViewController.swift */ = {isa = PBXFileReference; lastKnownFileType = sourcecode.swift; path = ViewController.swift; sourceTree = "<group>"; };
		12FFE67E1D146C24009419AF /* Base */ = {isa = PBXFileReference; lastKnownFileType = file.storyboard; name = Base; path = Base.lproj/Main.storyboard; sourceTree = "<group>"; };
		12FFE6801D146C24009419AF /* Assets.xcassets */ = {isa = PBXFileReference; lastKnownFileType = folder.assetcatalog; path = Assets.xcassets; sourceTree = "<group>"; };
		12FFE6831D146C24009419AF /* Base */ = {isa = PBXFileReference; lastKnownFileType = file.storyboard; name = Base; path = Base.lproj/LaunchScreen.storyboard; sourceTree = "<group>"; };
		12FFE6851D146C24009419AF /* Info.plist */ = {isa = PBXFileReference; lastKnownFileType = text.plist.xml; path = Info.plist; sourceTree = "<group>"; };
/* End PBXFileReference section */

/* Begin PBXFrameworksBuildPhase section */
		12FFE6731D146C24009419AF /* Frameworks */ = {
			isa = PBXFrameworksBuildPhase;
			buildActionMask = 2147483647;
			files = (
			);
			runOnlyForDeploymentPostprocessing = 0;
		};
/* End PBXFrameworksBuildPhase section */

/* Begin PBXGroup section */
		12FFE66D1D146C24009419AF = {
			isa = PBXGroup;
			children = (
				12FFE6781D146C24009419AF /* iOSSwiftWorkshop */,
				12FFE6771D146C24009419AF /* Products */,
			);
			sourceTree = "<group>";
		};
		12FFE6771D146C24009419AF /* Products */ = {
			isa = PBXGroup;
			children = (
				12FFE6761D146C24009419AF /* iOSSwiftWorkshop.app */,
			);
			name = Products;
			sourceTree = "<group>";
		};
		12FFE6781D146C24009419AF /* iOSSwiftWorkshop */ = {
			isa = PBXGroup;
			children = (
				12FFE6791D146C24009419AF /* AppDelegate.swift */,
				12FFE67B1D146C24009419AF /* ViewController.swift */,
				12FFE67D1D146C24009419AF /* Main.storyboard */,
				12FFE6801D146C24009419AF /* Assets.xcassets */,
				12FFE6821D146C24009419AF /* LaunchScreen.storyboard */,
				12FFE6851D146C24009419AF /* Info.plist */,
			);
			path = iOSSwiftWorkshop;
			sourceTree = "<group>";
		};
/* End PBXGroup section */

/* Begin PBXNativeTarget section */
		12FFE6751D146C24009419AF /* iOSSwiftWorkshop */ = {
			isa = PBXNativeTarget;
			buildConfigurationList = 12FFE6881D146C24009419AF /* Build configuration list for PBXNativeTarget "iOSSwiftWorkshop" */;
			buildPhases = (
				12FFE6721D146C24009419AF /* Sources */,
				12FFE6731D146C24009419AF /* Frameworks */,
				12FFE6741D146C24009419AF /* Resources */,
			);
			buildRules = (
			);
			dependencies = (
			);
			name = iOSSwiftWorkshop;
			productName = iOSSwiftWorkshop;
			productReference = 12FFE6761D146C24009419AF /* iOSSwiftWorkshop.app */;
			productType = "com.apple.product-type.application";
		};
/* End PBXNativeTarget section */

/* Begin PBXProject section */
		12FFE66E1D146C24009419AF /* Project object */ = {
			isa = PBXProject;
			attributes = {
				LastSwiftUpdateCheck = 0730;
				LastUpgradeCheck = 0730;
				ORGANIZATIONNAME = "Daniel Mathews";
				TargetAttributes = {
					12FFE6751D146C24009419AF = {
						CreatedOnToolsVersion = 7.3.1;
					};
				};
			};
			buildConfigurationList = 12FFE6711D146C24009419AF /* Build configuration list for PBXProject "iOSSwiftWorkshop" */;
			compatibilityVersion = "Xcode 3.2";
			developmentRegion = English;
			hasScannedForEncodings = 0;
			knownRegions = (
				en,
				Base,
			);
			mainGroup = 12FFE66D1D146C24009419AF;
			productRefGroup = 12FFE6771D146C24009419AF /* Products */;
			projectDirPath = "";
			projectRoot = "";
			targets = (
				12FFE6751D146C24009419AF /* iOSSwiftWorkshop */,
			);
		};
/* End PBXProject section */

/* Begin PBXResourcesBuildPhase section */
		12FFE6741D146C24009419AF /* Resources */ = {
			isa = PBXResourcesBuildPhase;
			buildActionMask = 2147483647;
			files = (
				12FFE6841D146C24009419AF /* LaunchScreen.storyboard in Resources */,
				12FFE6811D146C24009419AF /* Assets.xcassets in Resources */,
				12FFE67F1D146C24009419AF /* Main.storyboard in Resources */,
			);
			runOnlyForDeploymentPostprocessing = 0;
		};
/* End PBXResourcesBuildPhase section */

/* Begin PBXSourcesBuildPhase section */
		12FFE6721D146C24009419AF /* Sources */ = {
			isa = PBXSourcesBuildPhase;
			buildActionMask = 2147483647;
			files = (
				12FFE67C1D146C24009419AF /* ViewController.swift in Sources */,
				12FFE67A1D146C24009419AF /* AppDelegate.swift in Sources */,
			);
			runOnlyForDeploymentPostprocessing = 0;
		};
/* End PBXSourcesBuildPhase section */

/* Begin PBXVariantGroup section */
		12FFE67D1D146C24009419AF /* Main.storyboard */ = {
			isa = PBXVariantGroup;
			children = (
				12FFE67E1D146C24009419AF /* Base */,
			);
			name = Main.storyboard;
			sourceTree = "<group>";
		};
		12FFE6821D146C24009419AF /* LaunchScreen.storyboard */ = {
			isa = PBXVariantGroup;
			children = (
				12FFE6831D146C24009419AF /* Base */,
			);
			name = LaunchScreen.storyboard;
			sourceTree = "<group>";
		};
/* End PBXVariantGroup section */

/* Begin XCBuildConfiguration section */
		12FFE6861D146C24009419AF /* Debug */ = {
			isa = XCBuildConfiguration;
			buildSettings = {
				ALWAYS_SEARCH_USER_PATHS = NO;
				CLANG_ANALYZER_NONNULL = YES;
				CLANG_CXX_LANGUAGE_STANDARD = "gnu++0x";
				CLANG_CXX_LIBRARY = "libc++";
				CLANG_ENABLE_MODULES = YES;
				CLANG_ENABLE_OBJC_ARC = YES;
				CLANG_WARN_BOOL_CONVERSION = YES;
				CLANG_WARN_CONSTANT_CONVERSION = YES;
				CLANG_WARN_DIRECT_OBJC_ISA_USAGE = YES_ERROR;
				CLANG_WARN_EMPTY_BODY = YES;
				CLANG_WARN_ENUM_CONVERSION = YES;
				CLANG_WARN_INT_CONVERSION = YES;
				CLANG_WARN_OBJC_ROOT_CLASS = YES_ERROR;
				CLANG_WARN_UNREACHABLE_CODE = YES;
				CLANG_WARN__DUPLICATE_METHOD_MATCH = YES;
				"CODE_SIGN_IDENTITY[sdk=iphoneos*]" = "iPhone Developer";
				COPY_PHASE_STRIP = NO;
				DEBUG_INFORMATION_FORMAT = dwarf;
				ENABLE_STRICT_OBJC_MSGSEND = YES;
				ENABLE_TESTABILITY = YES;
				GCC_C_LANGUAGE_STANDARD = gnu99;
				GCC_DYNAMIC_NO_PIC = NO;
				GCC_NO_COMMON_BLOCKS = YES;
				GCC_OPTIMIZATION_LEVEL = 0;
				GCC_PREPROCESSOR_DEFINITIONS = (
					"DEBUG=1",
					"$(inherited)",
				);
				GCC_WARN_64_TO_32_BIT_CONVERSION = YES;
				GCC_WARN_ABOUT_RETURN_TYPE = YES_ERROR;
				GCC_WARN_UNDECLARED_SELECTOR = YES;
				GCC_WARN_UNINITIALIZED_AUTOS = YES_AGGRESSIVE;
				GCC_WARN_UNUSED_FUNCTION = YES;
				GCC_WARN_UNUSED_VARIABLE = YES;
				IPHONEOS_DEPLOYMENT_TARGET = 9.3;
				MTL_ENABLE_DEBUG_INFO = YES;
				ONLY_ACTIVE_ARCH = YES;
				SDKROOT = iphoneos;
				SWIFT_OPTIMIZATION_LEVEL = "-Onone";
				TARGETED_DEVICE_FAMILY = "1,2";
			};
			name = Debug;
		};
		12FFE6871D146C24009419AF /* Release */ = {
			isa = XCBuildConfiguration;
			buildSettings = {
				ALWAYS_SEARCH_USER_PATHS = NO;
				CLANG_ANALYZER_NONNULL = YES;
				CLANG_CXX_LANGUAGE_STANDARD = "gnu++0x";
				CLANG_CXX_LIBRARY = "libc++";
				CLANG_ENABLE_MODULES = YES;
				CLANG_ENABLE_OBJC_ARC = YES;
				CLANG_WARN_BOOL_CONVERSION = YES;
				CLANG_WARN_CONSTANT_CONVERSION = YES;
				CLANG_WARN_DIRECT_OBJC_ISA_USAGE = YES_ERROR;
				CLANG_WARN_EMPTY_BODY = YES;
				CLANG_WARN_ENUM_CONVERSION = YES;
				CLANG_WARN_INT_CONVERSION = YES;
				CLANG_WARN_OBJC_ROOT_CLASS = YES_ERROR;
				CLANG_WARN_UNREACHABLE_CODE = YES;
				CLANG_WARN__DUPLICATE_METHOD_MATCH = YES;
				"CODE_SIGN_IDENTITY[sdk=iphoneos*]" = "iPhone Developer";
				COPY_PHASE_STRIP = NO;
				DEBUG_INFORMATION_FORMAT = "dwarf-with-dsym";
				ENABLE_NS_ASSERTIONS = NO;
				ENABLE_STRICT_OBJC_MSGSEND = YES;
				GCC_C_LANGUAGE_STANDARD = gnu99;
				GCC_NO_COMMON_BLOCKS = YES;
				GCC_WARN_64_TO_32_BIT_CONVERSION = YES;
				GCC_WARN_ABOUT_RETURN_TYPE = YES_ERROR;
				GCC_WARN_UNDECLARED_SELECTOR = YES;
				GCC_WARN_UNINITIALIZED_AUTOS = YES_AGGRESSIVE;
				GCC_WARN_UNUSED_FUNCTION = YES;
				GCC_WARN_UNUSED_VARIABLE = YES;
				IPHONEOS_DEPLOYMENT_TARGET = 9.3;
				MTL_ENABLE_DEBUG_INFO = NO;
				SDKROOT = iphoneos;
				TARGETED_DEVICE_FAMILY = "1,2";
				VALIDATE_PRODUCT = YES;
			};
			name = Release;
		};
		12FFE6891D146C24009419AF /* Debug */ = {
			isa = XCBuildConfiguration;
			buildSettings = {
				ASSETCATALOG_COMPILER_APPICON_NAME = AppIcon;
				INFOPLIST_FILE = iOSSwiftWorkshop/Info.plist;
				LD_RUNPATH_SEARCH_PATHS = "$(inherited) @executable_path/Frameworks";
				PRODUCT_BUNDLE_IDENTIFIER = ca.lighthouselabs.iOSSwiftWorkshop;
				PRODUCT_NAME = "$(TARGET_NAME)";
			};
			name = Debug;
		};
		12FFE68A1D146C24009419AF /* Release */ = {
			isa = XCBuildConfiguration;
			buildSettings = {
				ASSETCATALOG_COMPILER_APPICON_NAME = AppIcon;
				INFOPLIST_FILE = iOSSwiftWorkshop/Info.plist;
				LD_RUNPATH_SEARCH_PATHS = "$(inherited) @executable_path/Frameworks";
				PRODUCT_BUNDLE_IDENTIFIER = ca.lighthouselabs.iOSSwiftWorkshop;
				PRODUCT_NAME = "$(TARGET_NAME)";
			};
			name = Release;
		};
/* End XCBuildConfiguration section */

/* Begin XCConfigurationList section */
		12FFE6711D146C24009419AF /* Build configuration list for PBXProject "iOSSwiftWorkshop" */ = {
			isa = XCConfigurationList;
			buildConfigurations = (
				12FFE6861D146C24009419AF /* Debug */,
				12FFE6871D146C24009419AF /* Release */,
			);
			defaultConfigurationIsVisible = 0;
			defaultConfigurationName = Release;
		};
		12FFE6881D146C24009419AF /* Build configuration list for PBXNativeTarget "iOSSwiftWorkshop" */ = {
			isa = XCConfigurationList;
			buildConfigurations = (
				12FFE6891D146C24009419AF /* Debug */,
				12FFE68A1D146C24009419AF /* Release */,
			);
			defaultConfigurationIsVisible = 0;
		};
/* End XCConfigurationList section */
	};
	rootObject = 12FFE66E1D146C24009419AF /* Project object */;
}
